Microsoft Visual Studio Solution File, Format Version 12.00
# Visual Studio Version 17
VisualStudioVersion = 17.5.2.0
MinimumVisualStudioVersion = 10.0.40219.1
Project("{2150E333-8FDC-42A3-9474-1A3956D46DE8}") = "src", "src", "{827E0CD3-B72D-47B6-A68D-7590B98EB39B}"
EndProject
Project("{FAE04EC0-301F-11D3-BF4B-00C04F79EFBC}") = "SmartHealthcare.API", "src\SmartHealthcare.API\SmartHealthcare.API.csproj", "{76A66E78-9F51-4C8D-BA3C-186148FB9489}"
EndProject
Project("{FAE04EC0-301F-11D3-BF4B-00C04F79EFBC}") = "SmartHealthcare.MVC", "src\SmartHealthcare.MVC\SmartHealthcare.MVC.csproj", "{FB147AA3-2F9F-5D91-BA6C-305B7E345463}"
EndProject
Project("{FAE04EC0-301F-11D3-BF4B-00C04F79EFBC}") = "SmartHealthcare.Models", "src\SmartHealthcare.Models\SmartHealthcare.Models.csproj", "{7B25498F-C7C7-426E-3C99-74EB917BF59D}"
EndProject
Global
	GlobalSection(SolutionConfigurationPlatforms) = preSolution
		Debug|Any CPU = Debug|Any CPU
		Release|Any CPU = Release|Any CPU
	EndGlobalSection
	GlobalSection(ProjectConfigurationPlatforms) = postSolution
		{76A66E78-9F51-4C8D-BA3C-186148FB9489}.Debug|Any CPU.ActiveCfg = Debug|Any CPU
		{76A66E78-9F51-4C8D-BA3C-186148FB9489}.Debug|Any CPU.Build.0 = Debug|Any CPU
		{76A66E78-9F51-4C8D-BA3C-186148FB9489}.Release|Any CPU.ActiveCfg = Release|Any CPU
		{76A66E78-9F51-4C8D-BA3C-186148FB9489}.Release|Any CPU.Build.0 = Release|Any CPU
		{FB147AA3-2F9F-5D91-BA6C-305B7E345463}.Debug|Any CPU.ActiveCfg = Debug|Any CPU
		{FB147AA3-2F9F-5D91-BA6C-305B7E345463}.Debug|Any CPU.Build.0 = Debug|Any CPU
		{FB147AA3-2F9F-5D91-BA6C-305B7E345463}.Release|Any CPU.ActiveCfg = Release|Any CPU
		{FB147AA3-2F9F-5D91-BA6C-305B7E345463}.Release|Any CPU.Build.0 = Release|Any CPU
		{7B25498F-C7C7-426E-3C99-74EB917BF59D}.Debug|Any CPU.ActiveCfg = Debug|Any CPU
		{7B25498F-C7C7-426E-3C99-74EB917BF59D}.Debug|Any CPU.Build.0 = Debug|Any CPU
		{7B25498F-C7C7-426E-3C99-74EB917BF59D}.Release|Any CPU.ActiveCfg = Release|Any CPU
		{7B25498F-C7C7-426E-3C99-74EB917BF59D}.Release|Any CPU.Build.0 = Release|Any CPU
	EndGlobalSection
	GlobalSection(SolutionProperties) = preSolution
		HideSolutionNode = FALSE
	EndGlobalSection
	GlobalSection(NestedProjects) = preSolution
		{76A66E78-9F51-4C8D-BA3C-186148FB9489} = {827E0CD3-B72D-47B6-A68D-7590B98EB39B}
		{FB147AA3-2F9F-5D91-BA6C-305B7E345463} = {827E0CD3-B72D-47B6-A68D-7590B98EB39B}
		{7B25498F-C7C7-426E-3C99-74EB917BF59D} = {827E0CD3-B72D-47B6-A68D-7590B98EB39B}
	EndGlobalSection
	GlobalSection(ExtensibilityGlobals) = postSolution
		SolutionGuid = {88A01EC6-73D6-48D9-919B-E928123FA72E}
	EndGlobalSection
EndGlobal
